
Microsoft Visual Studio Solution File, Format Version 12.00
# Visual Studio 15
VisualStudioVersion = 15.0.27004.2010
MinimumVisualStudioVersion = 10.0.40219.1
Project("{2150E333-8FDC-42A3-9474-1A3956D46DE8}") = "plugin_framework", "plugin_framework", "{1C12C357-B8C9-472F-905E-690BB5827ED9}"
EndProject
Project("{9A19103F-16F7-4668-BE54-9A1E7A4F7556}") = "plugin_balance", "plugin_balance\plugin_balance.csproj", "{692AC7C0-483A-4E79-9543-07702894AB1E}"
EndProject
Project("{9A19103F-16F7-4668-BE54-9A1E7A4F7556}") = "scanner_plugin_framework", "scanner_plugin_framework\scanner_plugin_framework.csproj", "{239DD308-EC14-4CEC-847F-BC216D3EFF32}"
EndProject
Project("{FAE04EC0-301F-11D3-BF4B-00C04F79EFBC}") = "neo_scanner", "neo_scanner\neo_scanner.csproj", "{C56217BB-3951-4EAF-A941-96ABABEFE548}"
EndProject
Global
	GlobalSection(SolutionConfigurationPlatforms) = preSolution
		Debug|Any CPU = Debug|Any CPU
		Release|Any CPU = Release|Any CPU
	EndGlobalSection
	GlobalSection(ProjectConfigurationPlatforms) = postSolution
		{692AC7C0-483A-4E79-9543-07702894AB1E}.Debug|Any CPU.ActiveCfg = Debug|Any CPU
		{692AC7C0-483A-4E79-9543-07702894AB1E}.Debug|Any CPU.Build.0 = Debug|Any CPU
		{692AC7C0-483A-4E79-9543-07702894AB1E}.Release|Any CPU.ActiveCfg = Release|Any CPU
		{692AC7C0-483A-4E79-9543-07702894AB1E}.Release|Any CPU.Build.0 = Release|Any CPU
		{239DD308-EC14-4CEC-847F-BC216D3EFF32}.Debug|Any CPU.ActiveCfg = Debug|Any CPU
		{239DD308-EC14-4CEC-847F-BC216D3EFF32}.Debug|Any CPU.Build.0 = Debug|Any CPU
		{239DD308-EC14-4CEC-847F-BC216D3EFF32}.Release|Any CPU.ActiveCfg = Release|Any CPU
		{239DD308-EC14-4CEC-847F-BC216D3EFF32}.Release|Any CPU.Build.0 = Release|Any CPU
		{C56217BB-3951-4EAF-A941-96ABABEFE548}.Debug|Any CPU.ActiveCfg = Debug|Any CPU
		{C56217BB-3951-4EAF-A941-96ABABEFE548}.Debug|Any CPU.Build.0 = Debug|Any CPU
		{C56217BB-3951-4EAF-A941-96ABABEFE548}.Release|Any CPU.ActiveCfg = Release|Any CPU
		{C56217BB-3951-4EAF-A941-96ABABEFE548}.Release|Any CPU.Build.0 = Release|Any CPU
	EndGlobalSection
	GlobalSection(SolutionProperties) = preSolution
		HideSolutionNode = FALSE
	EndGlobalSection
	GlobalSection(NestedProjects) = preSolution
		{239DD308-EC14-4CEC-847F-BC216D3EFF32} = {1C12C357-B8C9-472F-905E-690BB5827ED9}
	EndGlobalSection
	GlobalSection(ExtensibilityGlobals) = postSolution
		SolutionGuid = {88DE3196-553C-4C96-8658-10C4A8413E84}
	EndGlobalSection
EndGlobal
